
Microsoft Visual Studio Solution File, Format Version 12.00
# Visual Studio Version 16
VisualStudioVersion = 16.0.30611.23
MinimumVisualStudioVersion = 10.0.40219.1
Project("{F2A71F9B-5D33-465A-A702-920D77279786}") = "AssignmentMatcher", "AssignmentMatcher.fsproj", "{17C13D0D-8277-4EC2-BE59-226B8AA8A57B}"
EndProject
Global
	GlobalSection(SolutionConfigurationPlatforms) = preSolution
		Debug|Any CPU = Debug|Any CPU
		Release|Any CPU = Release|Any CPU
	EndGlobalSection
	GlobalSection(ProjectConfigurationPlatforms) = postSolution
		{17C13D0D-8277-4EC2-BE59-226B8AA8A57B}.Debug|Any CPU.ActiveCfg = Debug|Any CPU
		{17C13D0D-8277-4EC2-BE59-226B8AA8A57B}.Debug|Any CPU.Build.0 = Debug|Any CPU
		{17C13D0D-8277-4EC2-BE59-226B8AA8A57B}.Release|Any CPU.ActiveCfg = Release|Any CPU
		{17C13D0D-8277-4EC2-BE59-226B8AA8A57B}.Release|Any CPU.Build.0 = Release|Any CPU
	EndGlobalSection
	GlobalSection(SolutionProperties) = preSolution
		HideSolutionNode = FALSE
	EndGlobalSection
	GlobalSection(ExtensibilityGlobals) = postSolution
		SolutionGuid = {12475EA7-EB12-485A-B565-9B7BB028C4ED}
	EndGlobalSection
EndGlobal
